{
  "version": 4,
  "terraform_version": "0.13.0",
  "serial": 127,
  "lineage": "f30ad071-9963-4f87-e88c-a2c8342db163",
  "outputs": {},
  "resources": [
    {
      "mode": "data",
      "type": "digitalocean_ssh_key",
      "name": "main",
      "provider": "provider[\"registry.terraform.io/terraform-providers/digitalocean\"]",
      "instances": [
        {
          "schema_version": 0,
          "attributes": {
            "fingerprint": "9e:ab:3f:35:f3:4e:76:d9:ea:6a:53:77:48:75:67:c2",
            "id": "27937229",
            "name": "Main Machine",
            "public_key": "ssh-rsa AAAAB3NzaC1yc2EAAAADAQABAAABgQDhKBRsUaKC2tCKK5rfEb4FNyzNuWso7wLXuCcqbpAccrqTErqpLi93z7optyMrh6RCMi95v13+KEmBUPvhMpqwNkqmakHsOgjitRDkLMuF0hxFnpkuAXuJ2uqXS16RCn8jFmZ1+VORZQsc72ktc5y9K9NRgqSiqmNG8iw0Yg0f+JpEfGHAq3n16dwKGAvP7mwBuljCJQXGhNnn+xW+y1GSDGH1pvsKPklR99riIfXjVCUfS6R2wJ3k+7IhS3XBJMnYHeldJ6275XnGiIHblWmBj9AroghsMRa32MYITM7jTJMwaqB4REwTXtUo8SGpaXd170hMGCwDVzSI75nEfKfCpLOVDaExEmmx6542K/gASHrFagguyZUxxGbwjAO4pOfDKIbMHFqw4mo4uNfX2H39/hfoSGzK1nZGykjkmarCA+g4lrfMoxJWkW1oqncSftrRLecQNfnYC5G8as+AOT1iM83/2MRumhBF/9widHB1jM2XM9rNrV8pNaIIjMAv34E= ELVIS LARTEY@ELVIS-PC"
          }
        }
      ]
    },
    {
      "module": "module.droplet_create",
      "mode": "managed",
      "type": "digitalocean_droplet",
      "name": "web",
      "provider": "provider[\"registry.terraform.io/terraform-providers/digitalocean\"]",
      "instances": [
        {
          "index_key": "dev",
          "schema_version": 1,
          "attributes": {
            "backups": false,
            "created_at": "2020-08-15T07:15:31Z",
            "disk": 25,
            "id": "203993575",
            "image": "ubuntu-20-04-x64",
            "ipv4_address": "142.93.104.114",
            "ipv4_address_private": "",
            "ipv6": false,
            "ipv6_address": "",
            "ipv6_address_private": null,
            "locked": false,
            "memory": 1024,
            "monitoring": false,
            "name": "web-dev",
            "price_hourly": 0.00744,
            "price_monthly": 5,
            "private_networking": false,
            "region": "fra1",
            "resize_disk": true,
            "size": "s-1vcpu-1gb",
            "ssh_keys": null,
            "status": "active",
            "tags": [
              "intro",
              "terraform"
            ],
            "urn": "do:droplet:203993575",
            "user_data": null,
            "vcpus": 1,
            "volume_ids": [],
            "vpc_uuid": ""
          },
          "private": "eyJzY2hlbWFfdmVyc2lvbiI6IjEifQ==",
          "create_before_destroy": true
        },
        {
          "index_key": "prod",
          "schema_version": 1,
          "attributes": {
            "backups": false,
            "created_at": "2020-08-15T07:15:31Z",
            "disk": 25,
            "id": "203993576",
            "image": "ubuntu-20-04-x64",
            "ipv4_address": "157.245.96.139",
            "ipv4_address_private": "",
            "ipv6": false,
            "ipv6_address": "",
            "ipv6_address_private": null,
            "locked": false,
            "memory": 1024,
            "monitoring": false,
            "name": "web-prod",
            "price_hourly": 0.00744,
            "price_monthly": 5,
            "private_networking": false,
            "region": "blr1",
            "resize_disk": true,
            "size": "s-1vcpu-1gb",
            "ssh_keys": null,
            "status": "active",
            "tags": [
              "intro",
              "terraform"
            ],
            "urn": "do:droplet:203993576",
            "user_data": null,
            "vcpus": 1,
            "volume_ids": [],
            "vpc_uuid": ""
          },
          "private": "eyJzY2hlbWFfdmVyc2lvbiI6IjEifQ==",
          "create_before_destroy": true
        }
      ]
    },
    {
      "mode": "managed",
      "type": "digitalocean_firewall",
      "name": "prod_env",
      "provider": "provider[\"registry.terraform.io/terraform-providers/digitalocean\"]",
      "instances": [
        {
          "schema_version": 0,
          "attributes": {
            "created_at": null,
            "droplet_ids": [
              203993575,
              203993576
            ],
            "id": "9576ed17-6687-4437-b10e-69c9098fc936",
            "inbound_rule": [
              {
                "port_range": "443",
                "protocol": "tcp",
                "source_addresses": [
                  "0.0.0.0/0",
                  "::0/0"
                ],
                "source_droplet_ids": [],
                "source_load_balancer_uids": [],
                "source_tags": []
              },
              {
                "port_range": "80",
                "protocol": "tcp",
                "source_addresses": [
                  "0.0.0.0/0",
                  "::0/0"
                ],
                "source_droplet_ids": [],
                "source_load_balancer_uids": [],
                "source_tags": []
              }
            ],
            "name": "Only-http-and-https",
            "outbound_rule": [
              {
                "destination_addresses": [
                  "0.0.0.0/0",
                  "::0/0"
                ],
                "destination_droplet_ids": [],
                "destination_load_balancer_uids": [],
                "destination_tags": [],
                "port_range": "443",
                "protocol": "tcp"
              },
              {
                "destination_addresses": [
                  "0.0.0.0/0",
                  "::0/0"
                ],
                "destination_droplet_ids": [],
                "destination_load_balancer_uids": [],
                "destination_tags": [],
                "port_range": "80",
                "protocol": "tcp"
              }
            ],
            "pending_changes": [
              {
                "droplet_id": 203993575,
                "removing": false,
                "status": "waiting"
              },
              {
                "droplet_id": 203993576,
                "removing": false,
                "status": "waiting"
              }
            ],
            "status": "waiting",
            "tags": null
          },
          "private": "bnVsbA==",
          "dependencies": [
            "module.droplet_create.digitalocean_droplet.web"
          ]
        }
      ]
    }
  ]
}
